// !$*UTF8*$!
{
	archiveVersion = 1;
	classes = {
	};
	objectVersion = 55;
	objects = {

/* Begin PBXBuildFile section */
		C4033B8027986D930057F384 /* GoogleService-Info.plist in Resources */ = {isa = PBXBuildFile; fileRef = C4033B7F27986D930057F384 /* GoogleService-Info.plist */; };
		C410CC852797165B00C2280B /* AppDelegate.swift in Sources */ = {isa = PBXBuildFile; fileRef = C410CC842797165B00C2280B /* AppDelegate.swift */; };
		C410CC872797165B00C2280B /* SceneDelegate.swift in Sources */ = {isa = PBXBuildFile; fileRef = C410CC862797165B00C2280B /* SceneDelegate.swift */; };
		C410CC892797165B00C2280B /* ViewController.swift in Sources */ = {isa = PBXBuildFile; fileRef = C410CC882797165B00C2280B /* ViewController.swift */; };
		C410CC8C2797165B00C2280B /* Main.storyboard in Resources */ = {isa = PBXBuildFile; fileRef = C410CC8A2797165B00C2280B /* Main.storyboard */; };
		C410CC8E2797165D00C2280B /* Assets.xcassets in Resources */ = {isa = PBXBuildFile; fileRef = C410CC8D2797165D00C2280B /* Assets.xcassets */; };
		C410CC912797165D00C2280B /* LaunchScreen.storyboard in Resources */ = {isa = PBXBuildFile; fileRef = C410CC8F2797165D00C2280B /* LaunchScreen.storyboard */; };
		C410CCBC279724D400C2280B /* Tabbar.storyboard in Resources */ = {isa = PBXBuildFile; fileRef = C410CCBB279724D400C2280B /* Tabbar.storyboard */; };
		C410CCBE279730B800C2280B /* TabbarController.swift in Sources */ = {isa = PBXBuildFile; fileRef = C410CCBD279730B800C2280B /* TabbarController.swift */; };
		C410CCC52797343900C2280B /* FeedViewController.swift in Sources */ = {isa = PBXBuildFile; fileRef = C410CCC42797343900C2280B /* FeedViewController.swift */; };
		C410CCC72797345200C2280B /* SearchViewController.swift in Sources */ = {isa = PBXBuildFile; fileRef = C410CCC62797345200C2280B /* SearchViewController.swift */; };
		C410CCC92797346D00C2280B /* ChatViewController.swift in Sources */ = {isa = PBXBuildFile; fileRef = C410CCC82797346D00C2280B /* ChatViewController.swift */; };
		C410CCCB2797349300C2280B /* NotificationsViewController.swift in Sources */ = {isa = PBXBuildFile; fileRef = C410CCCA2797349300C2280B /* NotificationsViewController.swift */; };
		C410CCCD279734A600C2280B /* ProfileViewController.swift in Sources */ = {isa = PBXBuildFile; fileRef = C410CCCC279734A600C2280B /* ProfileViewController.swift */; };
		C410CCCF279739FB00C2280B /* ProfileTableViewCell.swift in Sources */ = {isa = PBXBuildFile; fileRef = C410CCCE279739FB00C2280B /* ProfileTableViewCell.swift */; };
		C410CCD22797411800C2280B /* HeaderView.xib in Resources */ = {isa = PBXBuildFile; fileRef = C410CCD12797411800C2280B /* HeaderView.xib */; };
		C410CCD42797414700C2280B /* HeaderView.swift in Sources */ = {isa = PBXBuildFile; fileRef = C410CCD32797414700C2280B /* HeaderView.swift */; };
/* End PBXBuildFile section */

/* Begin PBXFileReference section */
		C4033B7F27986D930057F384 /* GoogleService-Info.plist */ = {isa = PBXFileReference; fileEncoding = 4; lastKnownFileType = text.plist.xml; path = "GoogleService-Info.plist"; sourceTree = "<group>"; };
		C410CC812797165B00C2280B /* VK.app */ = {isa = PBXFileReference; explicitFileType = wrapper.application; includeInIndex = 0; path = VK.app; sourceTree = BUILT_PRODUCTS_DIR; };
		C410CC842797165B00C2280B /* AppDelegate.swift */ = {isa = PBXFileReference; lastKnownFileType = sourcecode.swift; path = AppDelegate.swift; sourceTree = "<group>"; };
		C410CC862797165B00C2280B /* SceneDelegate.swift */ = {isa = PBXFileReference; lastKnownFileType = sourcecode.swift; path = SceneDelegate.swift; sourceTree = "<group>"; };
		C410CC882797165B00C2280B /* ViewController.swift */ = {isa = PBXFileReference; lastKnownFileType = sourcecode.swift; path = ViewController.swift; sourceTree = "<group>"; };
		C410CC8B2797165B00C2280B /* Base */ = {isa = PBXFileReference; lastKnownFileType = file.storyboard; name = Base; path = Base.lproj/Main.storyboard; sourceTree = "<group>"; };
		C410CC8D2797165D00C2280B /* Assets.xcassets */ = {isa = PBXFileReference; lastKnownFileType = folder.assetcatalog; path = Assets.xcassets; sourceTree = "<group>"; };
		C410CC902797165D00C2280B /* Base */ = {isa = PBXFileReference; lastKnownFileType = file.storyboard; name = Base; path = Base.lproj/LaunchScreen.storyboard; sourceTree = "<group>"; };
		C410CC922797165D00C2280B /* Info.plist */ = {isa = PBXFileReference; lastKnownFileType = text.plist.xml; path = Info.plist; sourceTree = "<group>"; };
		C410CCBB279724D400C2280B /* Tabbar.storyboard */ = {isa = PBXFileReference; lastKnownFileType = file.storyboard; path = Tabbar.storyboard; sourceTree = "<group>"; };
		C410CCBD279730B800C2280B /* TabbarController.swift */ = {isa = PBXFileReference; lastKnownFileType = sourcecode.swift; path = TabbarController.swift; sourceTree = "<group>"; };
		C410CCC42797343900C2280B /* FeedViewController.swift */ = {isa = PBXFileReference; lastKnownFileType = sourcecode.swift; path = FeedViewController.swift; sourceTree = "<group>"; };
		C410CCC62797345200C2280B /* SearchViewController.swift */ = {isa = PBXFileReference; lastKnownFileType = sourcecode.swift; path = SearchViewController.swift; sourceTree = "<group>"; };
		C410CCC82797346D00C2280B /* ChatViewController.swift */ = {isa = PBXFileReference; lastKnownFileType = sourcecode.swift; path = ChatViewController.swift; sourceTree = "<group>"; };
		C410CCCA2797349300C2280B /* NotificationsViewController.swift */ = {isa = PBXFileReference; lastKnownFileType = sourcecode.swift; path = NotificationsViewController.swift; sourceTree = "<group>"; };
		C410CCCC279734A600C2280B /* ProfileViewController.swift */ = {isa = PBXFileReference; lastKnownFileType = sourcecode.swift; path = ProfileViewController.swift; sourceTree = "<group>"; };
		C410CCCE279739FB00C2280B /* ProfileTableViewCell.swift */ = {isa = PBXFileReference; lastKnownFileType = sourcecode.swift; path = ProfileTableViewCell.swift; sourceTree = "<group>"; };
		C410CCD12797411800C2280B /* HeaderView.xib */ = {isa = PBXFileReference; lastKnownFileType = file.xib; path = HeaderView.xib; sourceTree = "<group>"; };
		C410CCD32797414700C2280B /* HeaderView.swift */ = {isa = PBXFileReference; lastKnownFileType = sourcecode.swift; path = HeaderView.swift; sourceTree = "<group>"; };
/* End PBXFileReference section */

/* Begin PBXFrameworksBuildPhase section */
		C410CC7E2797165B00C2280B /* Frameworks */ = {
			isa = PBXFrameworksBuildPhase;
			buildActionMask = 2147483647;
			files = (
			);
			runOnlyForDeploymentPostprocessing = 0;
		};
/* End PBXFrameworksBuildPhase section */

/* Begin PBXGroup section */
		C410CC782797165B00C2280B = {
			isa = PBXGroup;
			children = (
				C410CC832797165B00C2280B /* VK */,
				C410CC822797165B00C2280B /* Products */,
			);
			sourceTree = "<group>";
		};
		C410CC822797165B00C2280B /* Products */ = {
			isa = PBXGroup;
			children = (
				C410CC812797165B00C2280B /* VK.app */,
			);
			name = Products;
			sourceTree = "<group>";
		};
		C410CC832797165B00C2280B /* VK */ = {
			isa = PBXGroup;
			children = (
				C4033B7F27986D930057F384 /* GoogleService-Info.plist */,
				C410CC982797169800C2280B /* Application */,
				C410CC992797171300C2280B /* Main */,
				C410CCBA2797249100C2280B /* TabBar */,
				C410CC8D2797165D00C2280B /* Assets.xcassets */,
				C410CC8F2797165D00C2280B /* LaunchScreen.storyboard */,
				C410CC922797165D00C2280B /* Info.plist */,
			);
			path = VK;
			sourceTree = "<group>";
		};
		C410CC982797169800C2280B /* Application */ = {
			isa = PBXGroup;
			children = (
				C410CC842797165B00C2280B /* AppDelegate.swift */,
				C410CC862797165B00C2280B /* SceneDelegate.swift */,
			);
			path = Application;
			sourceTree = "<group>";
		};
		C410CC992797171300C2280B /* Main */ = {
			isa = PBXGroup;
			children = (
				C410CC882797165B00C2280B /* ViewController.swift */,
				C410CC8A2797165B00C2280B /* Main.storyboard */,
			);
			path = Main;
			sourceTree = "<group>";
		};
		C410CCBA2797249100C2280B /* TabBar */ = {
			isa = PBXGroup;
			children = (
				C410CCBF2797334500C2280B /* feed */,
				C410CCC02797335400C2280B /* search */,
				C410CCC12797338300C2280B /* chat */,
				C410CCC22797339200C2280B /* notifications */,
				C410CCC3279733A500C2280B /* profile */,
				C410CCBB279724D400C2280B /* Tabbar.storyboard */,
				C410CCBD279730B800C2280B /* TabbarController.swift */,
			);
			path = TabBar;
			sourceTree = "<group>";
		};
		C410CCBF2797334500C2280B /* feed */ = {
			isa = PBXGroup;
			children = (
				C410CCC42797343900C2280B /* FeedViewController.swift */,
			);
			path = feed;
			sourceTree = "<group>";
		};
		C410CCC02797335400C2280B /* search */ = {
			isa = PBXGroup;
			children = (
				C410CCC62797345200C2280B /* SearchViewController.swift */,
			);
			path = search;
			sourceTree = "<group>";
		};
		C410CCC12797338300C2280B /* chat */ = {
			isa = PBXGroup;
			children = (
				C410CCC82797346D00C2280B /* ChatViewController.swift */,
			);
			path = chat;
			sourceTree = "<group>";
		};
		C410CCC22797339200C2280B /* notifications */ = {
			isa = PBXGroup;
			children = (
				C410CCCA2797349300C2280B /* NotificationsViewController.swift */,
			);
			path = notifications;
			sourceTree = "<group>";
		};
		C410CCC3279733A500C2280B /* profile */ = {
			isa = PBXGroup;
			children = (
				C410CCD0279740E400C2280B /* header */,
				C410CCCC279734A600C2280B /* ProfileViewController.swift */,
				C410CCCE279739FB00C2280B /* ProfileTableViewCell.swift */,
			);
			path = profile;
			sourceTree = "<group>";
		};
		C410CCD0279740E400C2280B /* header */ = {
			isa = PBXGroup;
			children = (
				C410CCD12797411800C2280B /* HeaderView.xib */,
				C410CCD32797414700C2280B /* HeaderView.swift */,
			);
			path = header;
			sourceTree = "<group>";
		};
/* End PBXGroup section */

/* Begin PBXNativeTarget section */
		C410CC802797165B00C2280B /* VK */ = {
			isa = PBXNativeTarget;
			buildConfigurationList = C410CC952797165D00C2280B /* Build configuration list for PBXNativeTarget "VK" */;
			buildPhases = (
				C410CC7D2797165B00C2280B /* Sources */,
				C410CC7E2797165B00C2280B /* Frameworks */,
				C410CC7F2797165B00C2280B /* Resources */,
			);
			buildRules = (
			);
			dependencies = (
			);
			name = VK;
			productName = VK;
			productReference = C410CC812797165B00C2280B /* VK.app */;
			productType = "com.apple.product-type.application";
		};
/* End PBXNativeTarget section */

/* Begin PBXProject section */
		C410CC792797165B00C2280B /* Project object */ = {
			isa = PBXProject;
			attributes = {
				BuildIndependentTargetsInParallel = 1;
				LastSwiftUpdateCheck = 1320;
				LastUpgradeCheck = 1320;
				TargetAttributes = {
					C410CC802797165B00C2280B = {
						CreatedOnToolsVersion = 13.2.1;
					};
				};
			};
			buildConfigurationList = C410CC7C2797165B00C2280B /* Build configuration list for PBXProject "VK" */;
			compatibilityVersion = "Xcode 13.0";
			developmentRegion = en;
			hasScannedForEncodings = 0;
			knownRegions = (
				en,
				Base,
			);
			mainGroup = C410CC782797165B00C2280B;
			productRefGroup = C410CC822797165B00C2280B /* Products */;
			projectDirPath = "";
			projectRoot = "";
			targets = (
				C410CC802797165B00C2280B /* VK */,
			);
		};
/* End PBXProject section */

/* Begin PBXResourcesBuildPhase section */
		C410CC7F2797165B00C2280B /* Resources */ = {
			isa = PBXResourcesBuildPhase;
			buildActionMask = 2147483647;
			files = (
				C410CC912797165D00C2280B /* LaunchScreen.storyboard in Resources */,
				C410CCD22797411800C2280B /* HeaderView.xib in Resources */,
				C410CCBC279724D400C2280B /* Tabbar.storyboard in Resources */,
				C410CC8E2797165D00C2280B /* Assets.xcassets in Resources */,
				C410CC8C2797165B00C2280B /* Main.storyboard in Resources */,
				C4033B8027986D930057F384 /* GoogleService-Info.plist in Resources */,
			);
			runOnlyForDeploymentPostprocessing = 0;
		};
/* End PBXResourcesBuildPhase section */

/* Begin PBXSourcesBuildPhase section */
		C410CC7D2797165B00C2280B /* Sources */ = {
			isa = PBXSourcesBuildPhase;
			buildActionMask = 2147483647;
			files = (
				C410CCC72797345200C2280B /* SearchViewController.swift in Sources */,
				C410CC892797165B00C2280B /* ViewController.swift in Sources */,
				C410CCBE279730B800C2280B /* TabbarController.swift in Sources */,
				C410CCCF279739FB00C2280B /* ProfileTableViewCell.swift in Sources */,
				C410CCC92797346D00C2280B /* ChatViewController.swift in Sources */,
				C410CCC52797343900C2280B /* FeedViewController.swift in Sources */,
				C410CC852797165B00C2280B /* AppDelegate.swift in Sources */,
				C410CCD42797414700C2280B /* HeaderView.swift in Sources */,
				C410CCCD279734A600C2280B /* ProfileViewController.swift in Sources */,
				C410CC872797165B00C2280B /* SceneDelegate.swift in Sources */,
				C410CCCB2797349300C2280B /* NotificationsViewController.swift in Sources */,
			);
			runOnlyForDeploymentPostprocessing = 0;
		};
/* End PBXSourcesBuildPhase section */

/* Begin PBXVariantGroup section */
		C410CC8A2797165B00C2280B /* Main.storyboard */ = {
			isa = PBXVariantGroup;
			children = (
				C410CC8B2797165B00C2280B /* Base */,
			);
			name = Main.storyboard;
			sourceTree = "<group>";
		};
		C410CC8F2797165D00C2280B /* LaunchScreen.storyboard */ = {
			isa = PBXVariantGroup;
			children = (
				C410CC902797165D00C2280B /* Base */,
			);
			name = LaunchScreen.storyboard;
			sourceTree = "<group>";
		};
/* End PBXVariantGroup section */

/* Begin XCBuildConfiguration section */
		C410CC932797165D00C2280B /* Debug */ = {
			isa = XCBuildConfiguration;
			buildSettings = {
				ALWAYS_SEARCH_USER_PATHS = NO;
				CLANG_ANALYZER_NONNULL = YES;
				CLANG_ANALYZER_NUMBER_OBJECT_CONVERSION = YES_AGGRESSIVE;
				CLANG_CXX_LANGUAGE_STANDARD = "gnu++17";
				CLANG_CXX_LIBRARY = "libc++";
				CLANG_ENABLE_MODULES = YES;
				CLANG_ENABLE_OBJC_ARC = YES;
				CLANG_ENABLE_OBJC_WEAK = YES;
				CLANG_WARN_BLOCK_CAPTURE_AUTORELEASING = YES;
				CLANG_WARN_BOOL_CONVERSION = YES;
				CLANG_WARN_COMMA = YES;
				CLANG_WARN_CONSTANT_CONVERSION = YES;
				CLANG_WARN_DEPRECATED_OBJC_IMPLEMENTATIONS = YES;
				CLANG_WARN_DIRECT_OBJC_ISA_USAGE = YES_ERROR;
				CLANG_WARN_DOCUMENTATION_COMMENTS = YES;
				CLANG_WARN_EMPTY_BODY = YES;
				CLANG_WARN_ENUM_CONVERSION = YES;
				CLANG_WARN_INFINITE_RECURSION = YES;
				CLANG_WARN_INT_CONVERSION = YES;
				CLANG_WARN_NON_LITERAL_NULL_CONVERSION = YES;
				CLANG_WARN_OBJC_IMPLICIT_RETAIN_SELF = YES;
				CLANG_WARN_OBJC_LITERAL_CONVERSION = YES;
				CLANG_WARN_OBJC_ROOT_CLASS = YES_ERROR;
				CLANG_WARN_QUOTED_INCLUDE_IN_FRAMEWORK_HEADER = YES;
				CLANG_WARN_RANGE_LOOP_ANALYSIS = YES;
				CLANG_WARN_STRICT_PROTOTYPES = YES;
				CLANG_WARN_SUSPICIOUS_MOVE = YES;
				CLANG_WARN_UNGUARDED_AVAILABILITY = YES_AGGRESSIVE;
				CLANG_WARN_UNREACHABLE_CODE = YES;
				CLANG_WARN__DUPLICATE_METHOD_MATCH = YES;
				COPY_PHASE_STRIP = NO;
				DEBUG_INFORMATION_FORMAT = dwarf;
				ENABLE_STRICT_OBJC_MSGSEND = YES;
				ENABLE_TESTABILITY = YES;
				GCC_C_LANGUAGE_STANDARD = gnu11;
				GCC_DYNAMIC_NO_PIC = NO;
				GCC_NO_COMMON_BLOCKS = YES;
				GCC_OPTIMIZATION_LEVEL = 0;
				GCC_PREPROCESSOR_DEFINITIONS = (
					"DEBUG=1",
					"$(inherited)",
				);
				GCC_WARN_64_TO_32_BIT_CONVERSION = YES;
				GCC_WARN_ABOUT_RETURN_TYPE = YES_ERROR;
				GCC_WARN_UNDECLARED_SELECTOR = YES;
				GCC_WARN_UNINITIALIZED_AUTOS = YES_AGGRESSIVE;
				GCC_WARN_UNUSED_FUNCTION = YES;
				GCC_WARN_UNUSED_VARIABLE = YES;
				IPHONEOS_DEPLOYMENT_TARGET = 15.2;
				MTL_ENABLE_DEBUG_INFO = INCLUDE_SOURCE;
				MTL_FAST_MATH = YES;
				ONLY_ACTIVE_ARCH = YES;
				SDKROOT = iphoneos;
				SWIFT_ACTIVE_COMPILATION_CONDITIONS = DEBUG;
				SWIFT_OPTIMIZATION_LEVEL = "-Onone";
			};
			name = Debug;
		};
		C410CC942797165D00C2280B /* Release */ = {
			isa = XCBuildConfiguration;
			buildSettings = {
				ALWAYS_SEARCH_USER_PATHS = NO;
				CLANG_ANALYZER_NONNULL = YES;
				CLANG_ANALYZER_NUMBER_OBJECT_CONVERSION = YES_AGGRESSIVE;
				CLANG_CXX_LANGUAGE_STANDARD = "gnu++17";
				CLANG_CXX_LIBRARY = "libc++";
				CLANG_ENABLE_MODULES = YES;
				CLANG_ENABLE_OBJC_ARC = YES;
				CLANG_ENABLE_OBJC_WEAK = YES;
				CLANG_WARN_BLOCK_CAPTURE_AUTORELEASING = YES;
				CLANG_WARN_BOOL_CONVERSION = YES;
				CLANG_WARN_COMMA = YES;
				CLANG_WARN_CONSTANT_CONVERSION = YES;
				CLANG_WARN_DEPRECATED_OBJC_IMPLEMENTATIONS = YES;
				CLANG_WARN_DIRECT_OBJC_ISA_USAGE = YES_ERROR;
				CLANG_WARN_DOCUMENTATION_COMMENTS = YES;
				CLANG_WARN_EMPTY_BODY = YES;
				CLANG_WARN_ENUM_CONVERSION = YES;
				CLANG_WARN_INFINITE_RECURSION = YES;
				CLANG_WARN_INT_CONVERSION = YES;
				CLANG_WARN_NON_LITERAL_NULL_CONVERSION = YES;
				CLANG_WARN_OBJC_IMPLICIT_RETAIN_SELF = YES;
				CLANG_WARN_OBJC_LITERAL_CONVERSION = YES;
				CLANG_WARN_OBJC_ROOT_CLASS = YES_ERROR;
				CLANG_WARN_QUOTED_INCLUDE_IN_FRAMEWORK_HEADER = YES;
				CLANG_WARN_RANGE_LOOP_ANALYSIS = YES;
				CLANG_WARN_STRICT_PROTOTYPES = YES;
				CLANG_WARN_SUSPICIOUS_MOVE = YES;
				CLANG_WARN_UNGUARDED_AVAILABILITY = YES_AGGRESSIVE;
				CLANG_WARN_UNREACHABLE_CODE = YES;
				CLANG_WARN__DUPLICATE_METHOD_MATCH = YES;
				COPY_PHASE_STRIP = NO;
				DEBUG_INFORMATION_FORMAT = "dwarf-with-dsym";
				ENABLE_NS_ASSERTIONS = NO;
				ENABLE_STRICT_OBJC_MSGSEND = YES;
				GCC_C_LANGUAGE_STANDARD = gnu11;
				GCC_NO_COMMON_BLOCKS = YES;
				GCC_WARN_64_TO_32_BIT_CONVERSION = YES;
				GCC_WARN_ABOUT_RETURN_TYPE = YES_ERROR;
				GCC_WARN_UNDECLARED_SELECTOR = YES;
				GCC_WARN_UNINITIALIZED_AUTOS = YES_AGGRESSIVE;
				GCC_WARN_UNUSED_FUNCTION = YES;
				GCC_WARN_UNUSED_VARIABLE = YES;
				IPHONEOS_DEPLOYMENT_TARGET = 15.2;
				MTL_ENABLE_DEBUG_INFO = NO;
				MTL_FAST_MATH = YES;
				SDKROOT = iphoneos;
				SWIFT_COMPILATION_MODE = wholemodule;
				SWIFT_OPTIMIZATION_LEVEL = "-O";
				VALIDATE_PRODUCT = YES;
			};
			name = Release;
		};
		C410CC962797165D00C2280B /* Debug */ = {
			isa = XCBuildConfiguration;
			buildSettings = {
				ASSETCATALOG_COMPILER_APPICON_NAME = AppIcon;
				ASSETCATALOG_COMPILER_GLOBAL_ACCENT_COLOR_NAME = AccentColor;
				CODE_SIGN_STYLE = Automatic;
				CURRENT_PROJECT_VERSION = 1;
				DEVELOPMENT_TEAM = 34Q7SMW5N8;
				GENERATE_INFOPLIST_FILE = YES;
				INFOPLIST_FILE = VK/Info.plist;
				INFOPLIST_KEY_UIApplicationSupportsIndirectInputEvents = YES;
				INFOPLIST_KEY_UILaunchStoryboardName = LaunchScreen;
				INFOPLIST_KEY_UIMainStoryboardFile = Main;
				INFOPLIST_KEY_UISupportedInterfaceOrientations_iPad = "UIInterfaceOrientationPortrait UIInterfaceOrientationPortraitUpsideDown UIInterfaceOrientationLandscapeLeft UIInterfaceOrientationLandscapeRight";
				INFOPLIST_KEY_UISupportedInterfaceOrientations_iPhone = "UIInterfaceOrientationPortrait UIInterfaceOrientationLandscapeLeft UIInterfaceOrientationLandscapeRight";
				LD_RUNPATH_SEARCH_PATHS = (
					"$(inherited)",
					"@executable_path/Frameworks",
				);
				MARKETING_VERSION = 1.0;
				PRODUCT_BUNDLE_IDENTIFIER = YP.VK;
				PRODUCT_NAME = "$(TARGET_NAME)";
				SWIFT_EMIT_LOC_STRINGS = YES;
				SWIFT_VERSION = 5.0;
				TARGETED_DEVICE_FAMILY = "1,2";
			};
			name = Debug;
		};
		C410CC972797165D00C2280B /* Release */ = {
			isa = XCBuildConfiguration;
			buildSettings = {
				ASSETCATALOG_COMPILER_APPICON_NAME = AppIcon;
				ASSETCATALOG_COMPILER_GLOBAL_ACCENT_COLOR_NAME = AccentColor;
				CODE_SIGN_STYLE = Automatic;
				CURRENT_PROJECT_VERSION = 1;
				DEVELOPMENT_TEAM = 34Q7SMW5N8;
				GENERATE_INFOPLIST_FILE = YES;
				INFOPLIST_FILE = VK/Info.plist;
				INFOPLIST_KEY_UIApplicationSupportsIndirectInputEvents = YES;
				INFOPLIST_KEY_UILaunchStoryboardName = LaunchScreen;
				INFOPLIST_KEY_UIMainStoryboardFile = Main;
				INFOPLIST_KEY_UISupportedInterfaceOrientations_iPad = "UIInterfaceOrientationPortrait UIInterfaceOrientationPortraitUpsideDown UIInterfaceOrientationLandscapeLeft UIInterfaceOrientationLandscapeRight";
				INFOPLIST_KEY_UISupportedInterfaceOrientations_iPhone = "UIInterfaceOrientationPortrait UIInterfaceOrientationLandscapeLeft UIInterfaceOrientationLandscapeRight";
				LD_RUNPATH_SEARCH_PATHS = (
					"$(inherited)",
					"@executable_path/Frameworks",
				);
				MARKETING_VERSION = 1.0;
				PRODUCT_BUNDLE_IDENTIFIER = YP.VK;
				PRODUCT_NAME = "$(TARGET_NAME)";
				SWIFT_EMIT_LOC_STRINGS = YES;
				SWIFT_VERSION = 5.0;
				TARGETED_DEVICE_FAMILY = "1,2";
			};
			name = Release;
		};
/* End XCBuildConfiguration section */

/* Begin XCConfigurationList section */
		C410CC7C2797165B00C2280B /* Build configuration list for PBXProject "VK" */ = {
			isa = XCConfigurationList;
			buildConfigurations = (
				C410CC932797165D00C2280B /* Debug */,
				C410CC942797165D00C2280B /* Release */,
			);
			defaultConfigurationIsVisible = 0;
			defaultConfigurationName = Release;
		};
		C410CC952797165D00C2280B /* Build configuration list for PBXNativeTarget "VK" */ = {
			isa = XCConfigurationList;
			buildConfigurations = (
				C410CC962797165D00C2280B /* Debug */,
				C410CC972797165D00C2280B /* Release */,
			);
			defaultConfigurationIsVisible = 0;
			defaultConfigurationName = Release;
		};
/* End XCConfigurationList section */
	};
	rootObject = C410CC792797165B00C2280B /* Project object */;
}
